github.com/ercross/zax/services/utils/log v0.0.0-20241102174339-943486a4545d h1:ZvYzk3dmLltBp/IApUoDWl/L6FmqFqH87bBLseIMjEU=
github.com/ercross/zax/services/utils/log v0.0.0-20241102174339-943486a4545d/go.mod h1:gVzLoon/znhoU0eBO3EXQAGndaaYuMqVHXUoVMpJqZo=
github.com/ercross/zax/services/utils/log v0.0.0-20241102203322-0aad3e8ad195 h1:I6GDTbrNRrobQc1aC1X+GBgi18KJf9T/0dYxZ/Pi7JY=
github.com/ercross/zax/services/utils/log v0.0.0-20241102203322-0aad3e8ad195/go.mod h1:gVzLoon/znhoU0eBO3EXQAGndaaYuMqVHXUoVMpJqZo=
github.com/ercross/zax/services/utils/log v0.0.0-20241102220456-5dd4b4aee717 h1:9p6SvYk5SZwpXfA2Efp+SaV2ONAxgQBWit7Ys6oDf9s=
github.com/ercross/zax/services/utils/log v0.0.0-20241102220456-5dd4b4aee717/go.mod h1:gVzLoon/znhoU0eBO3EXQAGndaaYuMqVHXUoVMpJqZo=
github.com/go-chi/chi/v5 v5.1.0 h1:acVI1TYaD+hhedDJ3r54HyA6sExp3HfXq7QWEEY/xMw=
github.com/go-chi/chi/v5 v5.1.0/go.mod h1:DslCQbL2OYiznFReuXYUmQ2hGd1aDpCnlMNITLSKoi8=
go.uber.org/multierr v1.10.0 h1:S0h4aNzvfcFsC3dRF1jLoaov7oRaKqRGC/pUEJ2yvPQ=
go.uber.org/multierr v1.10.0/go.mod h1:20+QtiLqy0Nd6FdQB9TLXag12DsQkrbs3htMFfDN80Y=
go.uber.org/zap v1.27.0 h1:aJMhYGrd5QSmlpLMr2MftRKl7t8J8PTZPA732ud/XR8=
go.uber.org/zap v1.27.0/go.mod h1:GB2qFLM7cTU87MWRP2mPIjqfIDnGu+VIO4V/SdhGo2E=
